
Microsoft Visual Studio Solution File, Format Version 11.00
# Visual Studio 2010
Project("{2150E333-8FDC-42A3-9474-1A3956D46DE8}") = "Documents", "Documents", "{C9963073-E404-411C-9092-641F84B84DA1}"
EndProject
Project("{2150E333-8FDC-42A3-9474-1A3956D46DE8}") = "References", "References", "{B6E54DBB-9763-445A-988C-F0C24DC68AA0}"
EndProject
Project("{2150E333-8FDC-42A3-9474-1A3956D46DE8}") = "src", "src", "{9C6AE80B-C747-4324-99B5-91364F867D00}"
EndProject
Project("{2150E333-8FDC-42A3-9474-1A3956D46DE8}") = "Test", "Test", "{D8CE0B41-F112-4440-9B39-9963B622878D}"
EndProject
Project("{2150E333-8FDC-42A3-9474-1A3956D46DE8}") = "OA3.Automation", "OA3.Automation", "{91075533-FCAC-45C3-824D-4D7A220F3164}"
EndProject
Project("{FAE04EC0-301F-11D3-BF4B-00C04F79EFBC}") = "OA3.Automation.KMT", "Test\OA3.Automation\OA3.Automation.KMT\OA3.Automation.KMT.csproj", "{E74E0CF3-7F8F-461B-BFDF-DB86D7D998CD}"
EndProject
Project("{FAE04EC0-301F-11D3-BF4B-00C04F79EFBC}") = "OA3.Automation.WebServices", "Test\OA3.Automation\OA3.Automation.WebServices\OA3.Automation.WebServices.csproj", "{5AB0760B-A23E-4B65-9219-E168F97F390F}"
EndProject
Project("{2150E333-8FDC-42A3-9474-1A3956D46DE8}") = "WcfService", "WcfService", "{907476B8-FA01-455F-ACF5-CB63CDD2E2F0}"
EndProject
Project("{C8D11400-126E-41CD-887F-60BD40844F9E}") = "WCFData", "Test\WcfService\WCFData\WCFData.dbproj", "{674CEF2D-10E0-4888-B2BE-B40AB2F9B429}"
EndProject
Project("{FAE04EC0-301F-11D3-BF4B-00C04F79EFBC}") = "WcfService", "Test\WcfService\WcfService\WcfService.csproj", "{A0EB97A9-C1E5-4229-8A09-14B5A821BFEE}"
EndProject
Project("{2150E333-8FDC-42A3-9474-1A3956D46DE8}") = "EnterpriseLibrary5.0", "EnterpriseLibrary5.0", "{1149FFDC-F45D-4CFD-B2F2-46FE4EAAD080}"
	ProjectSection(SolutionItems) = preProject
		References\EnterpriseLibrary5.0\Microsoft.Practices.EnterpriseLibrary.Common.dll = References\EnterpriseLibrary5.0\Microsoft.Practices.EnterpriseLibrary.Common.dll
		References\EnterpriseLibrary5.0\Microsoft.Practices.EnterpriseLibrary.Data.dll = References\EnterpriseLibrary5.0\Microsoft.Practices.EnterpriseLibrary.Data.dll
		References\EnterpriseLibrary5.0\Microsoft.Practices.EnterpriseLibrary.ExceptionHandling.dll = References\EnterpriseLibrary5.0\Microsoft.Practices.EnterpriseLibrary.ExceptionHandling.dll
		References\EnterpriseLibrary5.0\Microsoft.Practices.EnterpriseLibrary.ExceptionHandling.Logging.dll = References\EnterpriseLibrary5.0\Microsoft.Practices.EnterpriseLibrary.ExceptionHandling.Logging.dll
		References\EnterpriseLibrary5.0\Microsoft.Practices.EnterpriseLibrary.Logging.Database.dll = References\EnterpriseLibrary5.0\Microsoft.Practices.EnterpriseLibrary.Logging.Database.dll
		References\EnterpriseLibrary5.0\Microsoft.Practices.EnterpriseLibrary.Logging.dll = References\EnterpriseLibrary5.0\Microsoft.Practices.EnterpriseLibrary.Logging.dll
		References\EnterpriseLibrary5.0\Microsoft.Practices.ServiceLocation.dll = References\EnterpriseLibrary5.0\Microsoft.Practices.ServiceLocation.dll
		References\EnterpriseLibrary5.0\Microsoft.Practices.Unity.dll = References\EnterpriseLibrary5.0\Microsoft.Practices.Unity.dll
		References\EnterpriseLibrary5.0\Microsoft.Practices.Unity.Interception.dll = References\EnterpriseLibrary5.0\Microsoft.Practices.Unity.Interception.dll
	EndProjectSection
EndProject
Project("{2150E333-8FDC-42A3-9474-1A3956D46DE8}") = "Test", "Test", "{60396AF9-16A7-4F19-819F-ABCA05BF689B}"
	ProjectSection(SolutionItems) = preProject
		References\Test\Moq.dll = References\Test\Moq.dll
		References\Test\Moq.pdb = References\Test\Moq.pdb
		References\Test\Moq.xml = References\Test\Moq.xml
	EndProjectSection
EndProject
Project("{2150E333-8FDC-42A3-9474-1A3956D46DE8}") = "UI", "UI", "{244887BA-D532-4A23-98B6-2D00E2232BED}"
	ProjectSection(SolutionItems) = preProject
		References\UI\Microsoft.Windows.Shell.dll = References\UI\Microsoft.Windows.Shell.dll
		References\UI\RibbonControlsLibrary.dll = References\UI\RibbonControlsLibrary.dll
		References\UI\System.Windows.Interactivity.dll = References\UI\System.Windows.Interactivity.dll
	EndProjectSection
EndProject
Project("{2150E333-8FDC-42A3-9474-1A3956D46DE8}") = "3. Business", "3. Business", "{EDD1BEF9-377B-4CAA-B579-D8E7FCD84D94}"
EndProject
Project("{2150E333-8FDC-42A3-9474-1A3956D46DE8}") = "2. Data", "2. Data", "{AAEE701C-D55F-43F2-86E5-03BC0DE20892}"
EndProject
Project("{2150E333-8FDC-42A3-9474-1A3956D46DE8}") = "0. Database", "0. Database", "{88360B06-5629-427A-BDA1-C353CFC37C99}"
EndProject
Project("{2150E333-8FDC-42A3-9474-1A3956D46DE8}") = "4. Presentation", "4. Presentation", "{53E434FD-B353-429A-8A11-86FAA8764D3B}"
EndProject
Project("{2150E333-8FDC-42A3-9474-1A3956D46DE8}") = "4. Services", "4. Services", "{69AEF5A3-6224-4FD0-8413-2B3ED0DB4C3C}"
EndProject
Project("{FAE04EC0-301F-11D3-BF4B-00C04F79EFBC}") = "Client", "src\Business\Client\Client.csproj", "{B349387B-E8E3-4710-8476-8E8331EC2AEC}"
EndProject
Project("{FAE04EC0-301F-11D3-BF4B-00C04F79EFBC}") = "Library", "src\Business\Library\Library.csproj", "{5097AC1F-A14C-465B-8BA6-FB43DB71651C}"
EndProject
Project("{FAE04EC0-301F-11D3-BF4B-00C04F79EFBC}") = "DataAccess", "src\Data\DataAccess\DataAccess.csproj", "{8DB82B02-43A3-442C-9847-2A2C296CC13E}"
EndProject
Project("{FAE04EC0-301F-11D3-BF4B-00C04F79EFBC}") = "DataContract", "src\Data\DataContract\DataContract.csproj", "{549E007B-EB95-4EE9-9F5B-36C06C77B765}"
EndProject
Project("{FAE04EC0-301F-11D3-BF4B-00C04F79EFBC}") = "KMT", "src\Presentation\KMT\KMT.csproj", "{59A27CD5-B73B-4E9A-A6F8-478D57C4378B}"
EndProject
Project("{FAE04EC0-301F-11D3-BF4B-00C04F79EFBC}") = "DataPolling", "src\Services\DataPolling\DataPolling.csproj", "{0C6073DC-0BF7-4DFB-8606-9C8F8EDBE45A}"
EndProject
Project("{FAE04EC0-301F-11D3-BF4B-00C04F79EFBC}") = "WebServiceLibrary", "src\Services\WebServiceLibrary\WebServiceLibrary.csproj", "{A00CC897-968A-44D2-9C69-02CEB0FB43C8}"
EndProject
Project("{FAE04EC0-301F-11D3-BF4B-00C04F79EFBC}") = "OA3.Automation.Lib", "Test\OA3.Automation\OA3.Automation.Lib\OA3.Automation.Lib.csproj", "{DF9FA7FC-4734-4FB1-B156-35C9E1402515}"
EndProject
Project("{2150E333-8FDC-42A3-9474-1A3956D46DE8}") = "Solution Items", "Solution Items", "{58B4C145-5496-4EE5-AFB3-2F3C05D5D374}"
	ProjectSection(SolutionItems) = preProject
		DIS.vsmdi = DIS.vsmdi
	EndProjectSection
EndProject
Project("{FAE04EC0-301F-11D3-BF4B-00C04F79EFBC}") = "Proxy", "src\Business\Proxy\Proxy.csproj", "{13DF4280-7C9C-4FD8-9051-FB4E3AC3A8D4}"
EndProject
Project("{2150E333-8FDC-42A3-9474-1A3956D46DE8}") = "Setup", "Setup", "{48691A31-7B3F-428C-A750-79AF39CD7296}"
	ProjectSection(SolutionItems) = preProject
		References\Setup\WixDifxAppExtension.dll = References\Setup\WixDifxAppExtension.dll
		References\Setup\WixDirectXExtension.dll = References\Setup\WixDirectXExtension.dll
		References\Setup\WixFirewallExtension.dll = References\Setup\WixFirewallExtension.dll
		References\Setup\WixGamingExtension.dll = References\Setup\WixGamingExtension.dll
		References\Setup\WixIIsExtension.dll = References\Setup\WixIIsExtension.dll
		References\Setup\WixLuxExtension.dll = References\Setup\WixLuxExtension.dll
		References\Setup\WixNetFxExtension.dll = References\Setup\WixNetFxExtension.dll
		References\Setup\WixPSExtension.dll = References\Setup\WixPSExtension.dll
		References\Setup\WixSqlExtension.dll = References\Setup\WixSqlExtension.dll
		References\Setup\WixUIExtension.dll = References\Setup\WixUIExtension.dll
		References\Setup\WixUtilExtension.dll = References\Setup\WixUtilExtension.dll
		References\Setup\WixVSExtension.dll = References\Setup\WixVSExtension.dll
	EndProjectSection
EndProject
Project("{C8D11400-126E-41CD-887F-60BD40844F9E}") = "KeyStore", "src\Database\KeyStore\KeyStore.dbproj", "{67CBC824-A49E-4E9B-A947-360F3DFE65C3}"
EndProject
Project("{FAE04EC0-301F-11D3-BF4B-00C04F79EFBC}") = "ProviderWebService", "src\Services\ProviderWebService\ProviderWebService.csproj", "{65963362-EAF3-42FB-824A-D362A51DF8FA}"
EndProject
Project("{FAE04EC0-301F-11D3-BF4B-00C04F79EFBC}") = "TransferWebService", "src\Services\TransferWebService\TransferWebService.csproj", "{8A6523F7-B13D-468D-BB3F-7185AF60FD52}"
EndProject
Project("{2150E333-8FDC-42A3-9474-1A3956D46DE8}") = "Deployment", "Deployment", "{F6706993-E84E-47FF-AE8F-EA51CFA93D6E}"
EndProject
Project("{2150E333-8FDC-42A3-9474-1A3956D46DE8}") = "Resources", "Resources", "{FEAF8DF4-7110-4863-9E53-80EB22DDEB5D}"
	ProjectSection(SolutionItems) = preProject
		Deployment\Resources\CA.cer = Deployment\Resources\CA.cer
		Deployment\Resources\CA.crl = Deployment\Resources\CA.crl
		Deployment\Resources\CFG.pfx = Deployment\Resources\CFG.pfx
		Deployment\Resources\CreateEmbedLangTransform.cmd = Deployment\Resources\CreateEmbedLangTransform.cmd
		Deployment\Resources\CreateLocalizedInstallerAllLanguages.cmd = Deployment\Resources\CreateLocalizedInstallerAllLanguages.cmd
		Deployment\Resources\en-US.wxl = Deployment\Resources\en-US.wxl
		Deployment\Resources\EntityFramework.dll = Deployment\Resources\EntityFramework.dll
		Deployment\Resources\es.wxl = Deployment\Resources\es.wxl
		Deployment\Resources\InitFF.sql = Deployment\Resources\InitFF.sql
		Deployment\Resources\InitOem.sql = Deployment\Resources\InitOem.sql
		Deployment\Resources\InitTpi.sql = Deployment\Resources\InitTpi.sql
		Deployment\Resources\KeyStore.sql = Deployment\Resources\KeyStore.sql
		Deployment\Resources\License.rtf = Deployment\Resources\License.rtf
		Deployment\Resources\LocalService.sql = Deployment\Resources\LocalService.sql
		Deployment\Resources\MigrateToRTM_1_3.sql = Deployment\Resources\MigrateToRTM_1_3.sql
		Deployment\Resources\MsiTran.Exe = Deployment\Resources\MsiTran.Exe
		Deployment\Resources\msvcr100.dll = Deployment\Resources\msvcr100.dll
		Deployment\Resources\mt.exe = Deployment\Resources\mt.exe
		Deployment\Resources\RTM_1_8.sql = Deployment\Resources\RTM_1_8.sql
		Deployment\Resources\setup.exe = Deployment\Resources\setup.exe
		Deployment\Resources\setupbld.exe = Deployment\Resources\setupbld.exe
		Deployment\Resources\SetupBuilder.dll = Deployment\Resources\SetupBuilder.dll
		Deployment\Resources\Vista.manifest = Deployment\Resources\Vista.manifest
		Deployment\Resources\WiLangId.vbs = Deployment\Resources\WiLangId.vbs
		Deployment\Resources\WiSubStg.vbs = Deployment\Resources\WiSubStg.vbs
		Deployment\Resources\zh-TW.wxl = Deployment\Resources\zh-TW.wxl
	EndProjectSection
EndProject
Project("{2150E333-8FDC-42A3-9474-1A3956D46DE8}") = "Custom", "Custom", "{79714DFE-D36B-4759-9BCA-D095A24A51EF}"
EndProject
Project("{FAE04EC0-301F-11D3-BF4B-00C04F79EFBC}") = "DbConnectionTest", "Deployment\Custom\DbConnectionTest\DbConnectionTest.csproj", "{BC26A77B-A776-4CD9-B7C3-6EF771641204}"
EndProject
Project("{930C7802-8A8C-48F9-8165-68863BCCD9DD}") = "OemSetup", "Deployment\OemSetup\OemSetup.wixproj", "{2B3806DC-9271-4072-AB0A-06A4E0D3BC30}"
EndProject
Project("{FAE04EC0-301F-11D3-BF4B-00C04F79EFBC}") = "WebAPIs", "src\Services\WebAPIs\WebAPIs.csproj", "{25D60380-397A-4F4A-B7B2-FAB9979C92D2}"
EndProject
Project("{930C7802-8A8C-48F9-8165-68863BCCD9DD}") = "TpiSetup", "Deployment\TpiSetup\TpiSetup.wixproj", "{0EF941AC-1A31-4A6F-945D-1A0C14349CDC}"
EndProject
Project("{930C7802-8A8C-48F9-8165-68863BCCD9DD}") = "FactoryFloorSetup", "Deployment\FactoryFloorSetup\FactoryFloorSetup.wixproj", "{D28F7FCE-B465-438D-8541-696A291AA0A9}"
EndProject
Project("{2150E333-8FDC-42A3-9474-1A3956D46DE8}") = "KeyProvider", "KeyProvider", "{7111F707-77BE-42CD-8296-902F9FECFB31}"
EndProject
Project("{FAE04EC0-301F-11D3-BF4B-00C04F79EFBC}") = "KeyProviderService", "src\Services\KeyProvider\KeyProviderService\KeyProviderService.csproj", "{FCA9F4F7-481B-4FEB-AE48-D5C3014B9B12}"
EndProject
Project("{8BC9CEB8-8B4A-11D0-8D11-00A0C91BC942}") = "KeyProviderListener", "src\Services\KeyProvider\KeyProviderListener\KeyProvider.Listener.vcxproj", "{8A8FEFAB-1F9A-48F5-9389-D5B551A3A5F8}"
EndProject
Project("{2150E333-8FDC-42A3-9474-1A3956D46DE8}") = "1. Common", "1. Common", "{65B82EBA-011E-4A65-8DE6-8CBE0765E9BB}"
EndProject
Project("{FAE04EC0-301F-11D3-BF4B-00C04F79EFBC}") = "Utility", "src\Common\Utility\Utility.csproj", "{14824F21-28DB-46BB-941C-8B21A8DA5E0E}"
EndProject
Project("{FAE04EC0-301F-11D3-BF4B-00C04F79EFBC}") = "ServiceContract", "src\Data\ServiceContract\ServiceContract.csproj", "{D841C804-4EE6-4100-91F8-788F8490113C}"
EndProject
Project("{2150E333-8FDC-42A3-9474-1A3956D46DE8}") = "OA3ToolEmulator", "OA3ToolEmulator", "{402B2D09-15E8-4A15-A683-CE6F21EB9EEA}"
EndProject
Project("{C8D11400-126E-41CD-887F-60BD40844F9E}") = "EmulatorStore", "Test\OA3ToolEmulator\EmulatorStore\EmulatorStore.dbproj", "{61D27B70-B995-4901-855C-32B1F4781186}"
EndProject
Project("{FAE04EC0-301F-11D3-BF4B-00C04F79EFBC}") = "EmulatorService", "Test\OA3ToolEmulator\EmulatorService\EmulatorService.csproj", "{90377798-F29C-42E6-A7B2-D2CCAAFD1C31}"
EndProject
Project("{FAE04EC0-301F-11D3-BF4B-00C04F79EFBC}") = "Microsoft.Http", "src\Common\Microsoft.Http\Microsoft.Http.csproj", "{4F40D93F-7AAC-4803-81DC-9E9957179718}"
EndProject
Project("{FAE04EC0-301F-11D3-BF4B-00C04F79EFBC}") = "Microsoft.Http.Extensions", "src\Common\Microsoft.Http.Extensions\Microsoft.Http.Extensions.csproj", "{8AF2F252-5997-4521-8CD4-3F462D88170D}"
EndProject
Project("{FAE04EC0-301F-11D3-BF4B-00C04F79EFBC}") = "Microsoft.ServiceModel.Web", "src\Common\Microsoft.ServiceModel.Web\Microsoft.ServiceModel.Web.csproj", "{CBC8A641-D6B5-4E9F-96B4-3AF72E8ACFB3}"
EndProject
Project("{FAE04EC0-301F-11D3-BF4B-00C04F79EFBC}") = "ConfigurationProtectedTool", "src\Common\ConfigurationProtectedTool\ConfigurationProtectedTool.csproj", "{FF0CA532-1072-49BC-BC27-3CA98D98F8A9}"
EndProject
Global
	GlobalSection(TeamFoundationVersionControl) = preSolution
		SccNumberOfProjects = 33
		SccEnterpriseProvider = {4CA58AB2-18FA-4F8D-95D4-32DDF27D184C}
		SccTeamFoundationServer = https://vstf-us-wa-05.partners.extranet.microsoft.com:8443/tfs/ext05
		SccLocalPath0 = .
		SccProjectUniqueName1 = src\\Business\\Client\\Client.csproj
		SccProjectTopLevelParentUniqueName1 = DIS.sln
		SccProjectName1 = src/Business/Client
		SccLocalPath1 = src\\Business\\Client
		SccProjectUniqueName2 = src\\Business\\Library\\Library.csproj
		SccProjectTopLevelParentUniqueName2 = DIS.sln
		SccProjectName2 = src/Business/Library
		SccLocalPath2 = src\\Business\\Library
		SccProjectUniqueName3 = src\\Data\\DataAccess\\DataAccess.csproj
		SccProjectTopLevelParentUniqueName3 = DIS.sln
		SccProjectName3 = src/Data/DataAccess
		SccLocalPath3 = src\\Data\\DataAccess
		SccProjectUniqueName4 = src\\Data\\DataContract\\DataContract.csproj
		SccProjectTopLevelParentUniqueName4 = DIS.sln
		SccProjectName4 = src/Data/DataContract
		SccLocalPath4 = src\\Data\\DataContract
		SccProjectUniqueName5 = src\\Presentation\\KMT\\KMT.csproj
		SccProjectTopLevelParentUniqueName5 = DIS.sln
		SccProjectName5 = src/Presentation/KMT
		SccLocalPath5 = src\\Presentation\\KMT
		SccProjectUniqueName6 = src\\Services\\DataPolling\\DataPolling.csproj
		SccProjectTopLevelParentUniqueName6 = DIS.sln
		SccProjectName6 = src/Services/DataPolling
		SccLocalPath6 = src\\Services\\DataPolling
		SccProjectUniqueName7 = Test\\OA3.Automation\\OA3.Automation.KMT\\OA3.Automation.KMT.csproj
		SccProjectTopLevelParentUniqueName7 = DIS.sln
		SccProjectName7 = Test/OA3.Automation/OA3.Automation.KMT
		SccLocalPath7 = Test\\OA3.Automation\\OA3.Automation.KMT
		SccProjectUniqueName8 = Test\\OA3.Automation\\OA3.Automation.WebServices\\OA3.Automation.WebServices.csproj
		SccProjectTopLevelParentUniqueName8 = DIS.sln
		SccProjectName8 = Test/OA3.Automation/OA3.Automation.WebServices
		SccLocalPath8 = Test\\OA3.Automation\\OA3.Automation.WebServices
		SccProjectUniqueName9 = Test\\WcfService\\WCFData\\WCFData.dbproj
		SccProjectTopLevelParentUniqueName9 = DIS.sln
		SccProjectName9 = Test/WcfService/WCFData
		SccLocalPath9 = Test\\WcfService\\WCFData
		SccProjectUniqueName10 = Test\\WcfService\\WcfService\\WcfService.csproj
		SccProjectTopLevelParentUniqueName10 = DIS.sln
		SccProjectName10 = Test/WcfService/WcfService
		SccLocalPath10 = Test\\WcfService\\WcfService
		SccProjectUniqueName11 = Test\\OA3.Automation\\OA3.Automation.Lib\\OA3.Automation.Lib.csproj
		SccProjectTopLevelParentUniqueName11 = DIS.sln
		SccProjectName11 = Test/OA3.Automation/OA3.Automation.Lib
		SccLocalPath11 = Test\\OA3.Automation\\OA3.Automation.Lib
		SccProjectUniqueName12 = src\\Services\\WebServiceLibrary\\WebServiceLibrary.csproj
		SccProjectTopLevelParentUniqueName12 = DIS.sln
		SccProjectName12 = src/Services/WebServiceLibrary
		SccLocalPath12 = src\\Services\\WebServiceLibrary
		SccProjectUniqueName13 = src\\Business\\Proxy\\Proxy.csproj
		SccProjectTopLevelParentUniqueName13 = DIS.sln
		SccProjectName13 = src/Business/Proxy
		SccLocalPath13 = src\\Business\\Proxy
		SccProjectUniqueName14 = src\\Database\\KeyStore\\KeyStore.dbproj
		SccProjectTopLevelParentUniqueName14 = DIS.sln
		SccProjectName14 = src/Database/KeyStore
		SccLocalPath14 = src\\Database\\KeyStore
		SccProjectUniqueName15 = src\\Services\\ProviderWebService\\ProviderWebService.csproj
		SccProjectTopLevelParentUniqueName15 = DIS.sln
		SccProjectName15 = src/Services/ProviderWebService
		SccLocalPath15 = src\\Services\\ProviderWebService
		SccProjectUniqueName16 = src\\Services\\TransferWebService\\TransferWebService.csproj
		SccProjectTopLevelParentUniqueName16 = DIS.sln
		SccProjectName16 = src/Services/TransferWebService
		SccLocalPath16 = src\\Services\\TransferWebService
		SccProjectUniqueName17 = Deployment\\Custom\\DbConnectionTest\\DbConnectionTest.csproj
		SccProjectTopLevelParentUniqueName17 = DIS.sln
		SccProjectName17 = Deployment/Custom/DbConnectionTest
		SccLocalPath17 = Deployment\\Custom\\DbConnectionTest
		SccProjectUniqueName18 = src\\Services\\WebAPIs\\WebAPIs.csproj
		SccProjectTopLevelParentUniqueName18 = DIS.sln
		SccProjectName18 = src/Services/WebAPIs
		SccLocalPath18 = src\\Services\\WebAPIs
		SccProjectUniqueName19 = Deployment\\OemSetup\\OemSetup.wixproj
		SccProjectTopLevelParentUniqueName19 = DIS.sln
		SccProjectName19 = Deployment/OemSetup
		SccLocalPath19 = Deployment\\OemSetup
		SccProjectUniqueName20 = Deployment\\TpiSetup\\TpiSetup.wixproj
		SccProjectTopLevelParentUniqueName20 = DIS.sln
		SccProjectName20 = Deployment/TpiSetup
		SccLocalPath20 = Deployment\\TpiSetup
		SccProjectUniqueName21 = Deployment\\FactoryFloorSetup\\FactoryFloorSetup.wixproj
		SccProjectTopLevelParentUniqueName21 = DIS.sln
		SccProjectName21 = Deployment/FactoryFloorSetup
		SccLocalPath21 = Deployment\\FactoryFloorSetup
		SccProjectUniqueName22 = src\\Services\\KeyProvider\\KeyProviderLibrary\\KeyProviderLibrary.csproj
		SccProjectTopLevelParentUniqueName22 = DIS.sln
		SccProjectName22 = src/Services/KeyProvider/KeyProviderLibrary
		SccLocalPath22 = src\\Services\\KeyProvider\\KeyProviderLibrary
		SccProjectUniqueName23 = src\\Services\\KeyProvider\\KeyProviderListener\\KeyProvider.Listener.vcxproj
		SccProjectTopLevelParentUniqueName23 = DIS.sln
		SccProjectName23 = src/Services/KeyProvider/KeyProviderListener
		SccLocalPath23 = src\\Services\\KeyProvider\\KeyProviderListener
		SccProjectUniqueName24 = src\\Services\\KeyProvider\\KeyProviderService\\KeyProviderService.csproj
		SccProjectTopLevelParentUniqueName24 = DIS.sln
		SccProjectName24 = src/Services/KeyProvider/KeyProviderService
		SccLocalPath24 = src\\Services\\KeyProvider\\KeyProviderService
		SccProjectUniqueName25 = src\\Common\\Utility\\Utility.csproj
		SccProjectTopLevelParentUniqueName25 = DIS.sln
		SccProjectName25 = src/Common/Utility
		SccLocalPath25 = src\\Common\\Utility
		SccProjectUniqueName26 = src\\Data\\ServiceContract\\ServiceContract.csproj
		SccProjectTopLevelParentUniqueName26 = DIS.sln
		SccProjectName26 = src/Data/ServiceContract
		SccLocalPath26 = src\\Data\\ServiceContract
		SccProjectUniqueName27 = Test\\OA3ToolEmulator\\EmulatorStore\\EmulatorStore.dbproj
		SccProjectTopLevelParentUniqueName27 = DIS.sln
		SccProjectName27 = Test/OA3ToolEmulator/EmulatorStore
		SccLocalPath27 = Test\\OA3ToolEmulator\\EmulatorStore
		SccProjectUniqueName28 = Test\\OA3ToolEmulator\\EmulatorService\\EmulatorService.csproj
		SccProjectTopLevelParentUniqueName28 = DIS.sln
		SccProjectName28 = Test/OA3ToolEmulator/EmulatorService
		SccLocalPath28 = Test\\OA3ToolEmulator\\EmulatorService
		SccProjectUniqueName29 = src\\Common\\Microsoft.Http\\Microsoft.Http.csproj
		SccProjectTopLevelParentUniqueName29 = DIS.sln
		SccProjectName29 = src/Common/Microsoft.Http
		SccLocalPath29 = src\\Common\\Microsoft.Http
		SccProjectUniqueName30 = src\\Common\\Microsoft.Http.Extensions\\Microsoft.Http.Extensions.csproj
		SccProjectTopLevelParentUniqueName30 = DIS.sln
		SccProjectName30 = src/Common/Microsoft.Http.Extensions
		SccLocalPath30 = src\\Common\\Microsoft.Http.Extensions
		SccProjectUniqueName31 = src\\Common\\Microsoft.ServiceModel.Web\\Microsoft.ServiceModel.Web.csproj
		SccProjectTopLevelParentUniqueName31 = DIS.sln
		SccProjectName31 = src/Common/Microsoft.ServiceModel.Web
		SccLocalPath31 = src\\Common\\Microsoft.ServiceModel.Web
		SccProjectUniqueName32 = src\\Common\\ConfigurationProtectedTool\\ConfigurationProtectedTool.csproj
		SccProjectTopLevelParentUniqueName32 = DIS.sln
		SccProjectName32 = src/Common/ConfigurationProtectedTool
		SccLocalPath32 = src\\Common\\ConfigurationProtectedTool
	EndGlobalSection
	GlobalSection(TestCaseManagementSettings) = postSolution
		CategoryFile = DIS.vsmdi
	EndGlobalSection
	GlobalSection(SolutionConfigurationPlatforms) = preSolution
		Debug|Any CPU = Debug|Any CPU
		Debug|Mixed Platforms = Debug|Mixed Platforms
		Debug|Win32 = Debug|Win32
		Debug|x86 = Debug|x86
		Release|Any CPU = Release|Any CPU
		Release|Mixed Platforms = Release|Mixed Platforms
		Release|Win32 = Release|Win32
		Release|x86 = Release|x86
	EndGlobalSection
	GlobalSection(ProjectConfigurationPlatforms) = postSolution
		{E74E0CF3-7F8F-461B-BFDF-DB86D7D998CD}.Debug|Any CPU.ActiveCfg = Debug|Any CPU
		{E74E0CF3-7F8F-461B-BFDF-DB86D7D998CD}.Debug|Any CPU.Build.0 = Debug|Any CPU
		{E74E0CF3-7F8F-461B-BFDF-DB86D7D998CD}.Debug|Mixed Platforms.ActiveCfg = Debug|Any CPU
		{E74E0CF3-7F8F-461B-BFDF-DB86D7D998CD}.Debug|Mixed Platforms.Build.0 = Debug|Any CPU
		{E74E0CF3-7F8F-461B-BFDF-DB86D7D998CD}.Debug|Win32.ActiveCfg = Debug|Any CPU
		{E74E0CF3-7F8F-461B-BFDF-DB86D7D998CD}.Debug|x86.ActiveCfg = Debug|Any CPU
		{E74E0CF3-7F8F-461B-BFDF-DB86D7D998CD}.Release|Any CPU.ActiveCfg = Release|Any CPU
		{E74E0CF3-7F8F-461B-BFDF-DB86D7D998CD}.Release|Any CPU.Build.0 = Release|Any CPU
		{E74E0CF3-7F8F-461B-BFDF-DB86D7D998CD}.Release|Mixed Platforms.ActiveCfg = Release|Any CPU
		{E74E0CF3-7F8F-461B-BFDF-DB86D7D998CD}.Release|Mixed Platforms.Build.0 = Release|Any CPU
		{E74E0CF3-7F8F-461B-BFDF-DB86D7D998CD}.Release|Win32.ActiveCfg = Release|Any CPU
		{E74E0CF3-7F8F-461B-BFDF-DB86D7D998CD}.Release|x86.ActiveCfg = Release|Any CPU
		{5AB0760B-A23E-4B65-9219-E168F97F390F}.Debug|Any CPU.ActiveCfg = Debug|Any CPU
		{5AB0760B-A23E-4B65-9219-E168F97F390F}.Debug|Any CPU.Build.0 = Debug|Any CPU
		{5AB0760B-A23E-4B65-9219-E168F97F390F}.Debug|Mixed Platforms.ActiveCfg = Debug|Any CPU
		{5AB0760B-A23E-4B65-9219-E168F97F390F}.Debug|Mixed Platforms.Build.0 = Debug|Any CPU
		{5AB0760B-A23E-4B65-9219-E168F97F390F}.Debug|Win32.ActiveCfg = Debug|Any CPU
		{5AB0760B-A23E-4B65-9219-E168F97F390F}.Debug|x86.ActiveCfg = Debug|Any CPU
		{5AB0760B-A23E-4B65-9219-E168F97F390F}.Release|Any CPU.ActiveCfg = Release|Any CPU
		{5AB0760B-A23E-4B65-9219-E168F97F390F}.Release|Any CPU.Build.0 = Release|Any CPU
		{5AB0760B-A23E-4B65-9219-E168F97F390F}.Release|Mixed Platforms.ActiveCfg = Release|Any CPU
		{5AB0760B-A23E-4B65-9219-E168F97F390F}.Release|Mixed Platforms.Build.0 = Release|Any CPU
		{5AB0760B-A23E-4B65-9219-E168F97F390F}.Release|Win32.ActiveCfg = Release|Any CPU
		{5AB0760B-A23E-4B65-9219-E168F97F390F}.Release|x86.ActiveCfg = Release|Any CPU
		{674CEF2D-10E0-4888-B2BE-B40AB2F9B429}.Debug|Any CPU.ActiveCfg = Debug|Any CPU
		{674CEF2D-10E0-4888-B2BE-B40AB2F9B429}.Debug|Any CPU.Build.0 = Debug|Any CPU
		{674CEF2D-10E0-4888-B2BE-B40AB2F9B429}.Debug|Any CPU.Deploy.0 = Debug|Any CPU
		{674CEF2D-10E0-4888-B2BE-B40AB2F9B429}.Debug|Mixed Platforms.ActiveCfg = Debug|Any CPU
		{674CEF2D-10E0-4888-B2BE-B40AB2F9B429}.Debug|Mixed Platforms.Build.0 = Debug|Any CPU
		{674CEF2D-10E0-4888-B2BE-B40AB2F9B429}.Debug|Win32.ActiveCfg = Debug|Any CPU
		{674CEF2D-10E0-4888-B2BE-B40AB2F9B429}.Debug|x86.ActiveCfg = Debug|Any CPU
		{674CEF2D-10E0-4888-B2BE-B40AB2F9B429}.Release|Any CPU.ActiveCfg = Release|Any CPU
		{674CEF2D-10E0-4888-B2BE-B40AB2F9B429}.Release|Any CPU.Build.0 = Release|Any CPU
		{674CEF2D-10E0-4888-B2BE-B40AB2F9B429}.Release|Any CPU.Deploy.0 = Release|Any CPU
		{674CEF2D-10E0-4888-B2BE-B40AB2F9B429}.Release|Mixed Platforms.ActiveCfg = Release|Any CPU
		{674CEF2D-10E0-4888-B2BE-B40AB2F9B429}.Release|Mixed Platforms.Build.0 = Release|Any CPU
		{674CEF2D-10E0-4888-B2BE-B40AB2F9B429}.Release|Mixed Platforms.Deploy.0 = Release|Any CPU
		{674CEF2D-10E0-4888-B2BE-B40AB2F9B429}.Release|Win32.ActiveCfg = Release|Any CPU
		{674CEF2D-10E0-4888-B2BE-B40AB2F9B429}.Release|x86.ActiveCfg = Release|Any CPU
		{A0EB97A9-C1E5-4229-8A09-14B5A821BFEE}.Debug|Any CPU.ActiveCfg = Debug|Any CPU
		{A0EB97A9-C1E5-4229-8A09-14B5A821BFEE}.Debug|Any CPU.Build.0 = Debug|Any CPU
		{A0EB97A9-C1E5-4229-8A09-14B5A821BFEE}.Debug|Mixed Platforms.ActiveCfg = Debug|Any CPU
		{A0EB97A9-C1E5-4229-8A09-14B5A821BFEE}.Debug|Mixed Platforms.Build.0 = Debug|Any CPU
		{A0EB97A9-C1E5-4229-8A09-14B5A821BFEE}.Debug|Win32.ActiveCfg = Debug|Any CPU
		{A0EB97A9-C1E5-4229-8A09-14B5A821BFEE}.Debug|x86.ActiveCfg = Debug|Any CPU
		{A0EB97A9-C1E5-4229-8A09-14B5A821BFEE}.Release|Any CPU.ActiveCfg = Release|Any CPU
		{A0EB97A9-C1E5-4229-8A09-14B5A821BFEE}.Release|Any CPU.Build.0 = Release|Any CPU
		{A0EB97A9-C1E5-4229-8A09-14B5A821BFEE}.Release|Mixed Platforms.ActiveCfg = Release|Any CPU
		{A0EB97A9-C1E5-4229-8A09-14B5A821BFEE}.Release|Mixed Platforms.Build.0 = Release|Any CPU
		{A0EB97A9-C1E5-4229-8A09-14B5A821BFEE}.Release|Win32.ActiveCfg = Release|Any CPU
		{A0EB97A9-C1E5-4229-8A09-14B5A821BFEE}.Release|x86.ActiveCfg = Release|Any CPU
		{B349387B-E8E3-4710-8476-8E8331EC2AEC}.Debug|Any CPU.ActiveCfg = Debug|Any CPU
		{B349387B-E8E3-4710-8476-8E8331EC2AEC}.Debug|Any CPU.Build.0 = Debug|Any CPU
		{B349387B-E8E3-4710-8476-8E8331EC2AEC}.Debug|Mixed Platforms.ActiveCfg = Debug|Any CPU
		{B349387B-E8E3-4710-8476-8E8331EC2AEC}.Debug|Mixed Platforms.Build.0 = Debug|Any CPU
		{B349387B-E8E3-4710-8476-8E8331EC2AEC}.Debug|Win32.ActiveCfg = Debug|x86
		{B349387B-E8E3-4710-8476-8E8331EC2AEC}.Debug|x86.ActiveCfg = Debug|x86
		{B349387B-E8E3-4710-8476-8E8331EC2AEC}.Debug|x86.Build.0 = Debug|x86
		{B349387B-E8E3-4710-8476-8E8331EC2AEC}.Release|Any CPU.ActiveCfg = Release|Any CPU
		{B349387B-E8E3-4710-8476-8E8331EC2AEC}.Release|Any CPU.Build.0 = Release|Any CPU
		{B349387B-E8E3-4710-8476-8E8331EC2AEC}.Release|Mixed Platforms.ActiveCfg = Release|Any CPU
		{B349387B-E8E3-4710-8476-8E8331EC2AEC}.Release|Mixed Platforms.Build.0 = Release|Any CPU
		{B349387B-E8E3-4710-8476-8E8331EC2AEC}.Release|Win32.ActiveCfg = Release|x86
		{B349387B-E8E3-4710-8476-8E8331EC2AEC}.Release|x86.ActiveCfg = Release|x86
		{B349387B-E8E3-4710-8476-8E8331EC2AEC}.Release|x86.Build.0 = Release|x86
		{5097AC1F-A14C-465B-8BA6-FB43DB71651C}.Debug|Any CPU.ActiveCfg = Debug|Any CPU
		{5097AC1F-A14C-465B-8BA6-FB43DB71651C}.Debug|Any CPU.Build.0 = Debug|Any CPU
		{5097AC1F-A14C-465B-8BA6-FB43DB71651C}.Debug|Mixed Platforms.ActiveCfg = Debug|Any CPU
		{5097AC1F-A14C-465B-8BA6-FB43DB71651C}.Debug|Mixed Platforms.Build.0 = Debug|Any CPU
		{5097AC1F-A14C-465B-8BA6-FB43DB71651C}.Debug|Win32.ActiveCfg = Debug|x86
		{5097AC1F-A14C-465B-8BA6-FB43DB71651C}.Debug|x86.ActiveCfg = Debug|x86
		{5097AC1F-A14C-465B-8BA6-FB43DB71651C}.Debug|x86.Build.0 = Debug|x86
		{5097AC1F-A14C-465B-8BA6-FB43DB71651C}.Release|Any CPU.ActiveCfg = Release|Any CPU
		{5097AC1F-A14C-465B-8BA6-FB43DB71651C}.Release|Any CPU.Build.0 = Release|Any CPU
		{5097AC1F-A14C-465B-8BA6-FB43DB71651C}.Release|Mixed Platforms.ActiveCfg = Release|Any CPU
		{5097AC1F-A14C-465B-8BA6-FB43DB71651C}.Release|Mixed Platforms.Build.0 = Release|Any CPU
		{5097AC1F-A14C-465B-8BA6-FB43DB71651C}.Release|Win32.ActiveCfg = Release|x86
		{5097AC1F-A14C-465B-8BA6-FB43DB71651C}.Release|x86.ActiveCfg = Release|x86
		{5097AC1F-A14C-465B-8BA6-FB43DB71651C}.Release|x86.Build.0 = Release|x86
		{8DB82B02-43A3-442C-9847-2A2C296CC13E}.Debug|Any CPU.ActiveCfg = Debug|Any CPU
		{8DB82B02-43A3-442C-9847-2A2C296CC13E}.Debug|Any CPU.Build.0 = Debug|Any CPU
		{8DB82B02-43A3-442C-9847-2A2C296CC13E}.Debug|Mixed Platforms.ActiveCfg = Debug|Any CPU
		{8DB82B02-43A3-442C-9847-2A2C296CC13E}.Debug|Mixed Platforms.Build.0 = Debug|Any CPU
		{8DB82B02-43A3-442C-9847-2A2C296CC13E}.Debug|Win32.ActiveCfg = Debug|x86
		{8DB82B02-43A3-442C-9847-2A2C296CC13E}.Debug|x86.ActiveCfg = Debug|x86
		{8DB82B02-43A3-442C-9847-2A2C296CC13E}.Debug|x86.Build.0 = Debug|x86
		{8DB82B02-43A3-442C-9847-2A2C296CC13E}.Release|Any CPU.ActiveCfg = Release|Any CPU
		{8DB82B02-43A3-442C-9847-2A2C296CC13E}.Release|Any CPU.Build.0 = Release|Any CPU
		{8DB82B02-43A3-442C-9847-2A2C296CC13E}.Release|Mixed Platforms.ActiveCfg = Release|Any CPU
		{8DB82B02-43A3-442C-9847-2A2C296CC13E}.Release|Mixed Platforms.Build.0 = Release|Any CPU
		{8DB82B02-43A3-442C-9847-2A2C296CC13E}.Release|Win32.ActiveCfg = Release|x86
		{8DB82B02-43A3-442C-9847-2A2C296CC13E}.Release|x86.ActiveCfg = Release|x86
		{8DB82B02-43A3-442C-9847-2A2C296CC13E}.Release|x86.Build.0 = Release|x86
		{549E007B-EB95-4EE9-9F5B-36C06C77B765}.Debug|Any CPU.ActiveCfg = Debug|Any CPU
		{549E007B-EB95-4EE9-9F5B-36C06C77B765}.Debug|Any CPU.Build.0 = Debug|Any CPU
		{549E007B-EB95-4EE9-9F5B-36C06C77B765}.Debug|Mixed Platforms.ActiveCfg = Debug|Any CPU
		{549E007B-EB95-4EE9-9F5B-36C06C77B765}.Debug|Mixed Platforms.Build.0 = Debug|Any CPU
		{549E007B-EB95-4EE9-9F5B-36C06C77B765}.Debug|Win32.ActiveCfg = Debug|x86
		{549E007B-EB95-4EE9-9F5B-36C06C77B765}.Debug|x86.ActiveCfg = Debug|x86
		{549E007B-EB95-4EE9-9F5B-36C06C77B765}.Debug|x86.Build.0 = Debug|x86
		{549E007B-EB95-4EE9-9F5B-36C06C77B765}.Release|Any CPU.ActiveCfg = Release|Any CPU
		{549E007B-EB95-4EE9-9F5B-36C06C77B765}.Release|Any CPU.Build.0 = Release|Any CPU
		{549E007B-EB95-4EE9-9F5B-36C06C77B765}.Release|Mixed Platforms.ActiveCfg = Release|Any CPU
		{549E007B-EB95-4EE9-9F5B-36C06C77B765}.Release|Mixed Platforms.Build.0 = Release|Any CPU
		{549E007B-EB95-4EE9-9F5B-36C06C77B765}.Release|Win32.ActiveCfg = Release|x86
		{549E007B-EB95-4EE9-9F5B-36C06C77B765}.Release|x86.ActiveCfg = Release|x86
		{549E007B-EB95-4EE9-9F5B-36C06C77B765}.Release|x86.Build.0 = Release|x86
		{59A27CD5-B73B-4E9A-A6F8-478D57C4378B}.Debug|Any CPU.ActiveCfg = Debug|Any CPU
		{59A27CD5-B73B-4E9A-A6F8-478D57C4378B}.Debug|Any CPU.Build.0 = Debug|Any CPU
		{59A27CD5-B73B-4E9A-A6F8-478D57C4378B}.Debug|Mixed Platforms.ActiveCfg = Debug|Any CPU
		{59A27CD5-B73B-4E9A-A6F8-478D57C4378B}.Debug|Mixed Platforms.Build.0 = Debug|Any CPU
		{59A27CD5-B73B-4E9A-A6F8-478D57C4378B}.Debug|Win32.ActiveCfg = Debug|Any CPU
		{59A27CD5-B73B-4E9A-A6F8-478D57C4378B}.Debug|x86.ActiveCfg = Debug|x86
		{59A27CD5-B73B-4E9A-A6F8-478D57C4378B}.Debug|x86.Build.0 = Debug|x86
		{59A27CD5-B73B-4E9A-A6F8-478D57C4378B}.Release|Any CPU.ActiveCfg = Release|Any CPU
		{59A27CD5-B73B-4E9A-A6F8-478D57C4378B}.Release|Any CPU.Build.0 = Release|Any CPU
		{59A27CD5-B73B-4E9A-A6F8-478D57C4378B}.Release|Mixed Platforms.ActiveCfg = Release|Any CPU
		{59A27CD5-B73B-4E9A-A6F8-478D57C4378B}.Release|Mixed Platforms.Build.0 = Release|Any CPU
		{59A27CD5-B73B-4E9A-A6F8-478D57C4378B}.Release|Win32.ActiveCfg = Release|Any CPU
		{59A27CD5-B73B-4E9A-A6F8-478D57C4378B}.Release|x86.ActiveCfg = Release|x86
		{59A27CD5-B73B-4E9A-A6F8-478D57C4378B}.Release|x86.Build.0 = Release|x86
		{0C6073DC-0BF7-4DFB-8606-9C8F8EDBE45A}.Debug|Any CPU.ActiveCfg = Debug|x86
		{0C6073DC-0BF7-4DFB-8606-9C8F8EDBE45A}.Debug|Any CPU.Build.0 = Debug|x86
		{0C6073DC-0BF7-4DFB-8606-9C8F8EDBE45A}.Debug|Any CPU.Deploy.0 = Debug|x86
		{0C6073DC-0BF7-4DFB-8606-9C8F8EDBE45A}.Debug|Mixed Platforms.ActiveCfg = Debug|x86
		{0C6073DC-0BF7-4DFB-8606-9C8F8EDBE45A}.Debug|Mixed Platforms.Build.0 = Debug|x86
		{0C6073DC-0BF7-4DFB-8606-9C8F8EDBE45A}.Debug|Win32.ActiveCfg = Debug|x86
		{0C6073DC-0BF7-4DFB-8606-9C8F8EDBE45A}.Debug|x86.ActiveCfg = Debug|x86
		{0C6073DC-0BF7-4DFB-8606-9C8F8EDBE45A}.Debug|x86.Build.0 = Debug|x86
		{0C6073DC-0BF7-4DFB-8606-9C8F8EDBE45A}.Release|Any CPU.ActiveCfg = Release|x86
		{0C6073DC-0BF7-4DFB-8606-9C8F8EDBE45A}.Release|Any CPU.Build.0 = Release|x86
		{0C6073DC-0BF7-4DFB-8606-9C8F8EDBE45A}.Release|Mixed Platforms.ActiveCfg = Release|x86
		{0C6073DC-0BF7-4DFB-8606-9C8F8EDBE45A}.Release|Mixed Platforms.Build.0 = Release|x86
		{0C6073DC-0BF7-4DFB-8606-9C8F8EDBE45A}.Release|Win32.ActiveCfg = Release|x86
		{0C6073DC-0BF7-4DFB-8606-9C8F8EDBE45A}.Release|x86.ActiveCfg = Release|x86
		{0C6073DC-0BF7-4DFB-8606-9C8F8EDBE45A}.Release|x86.Build.0 = Release|x86
		{A00CC897-968A-44D2-9C69-02CEB0FB43C8}.Debug|Any CPU.ActiveCfg = Debug|Any CPU
		{A00CC897-968A-44D2-9C69-02CEB0FB43C8}.Debug|Any CPU.Build.0 = Debug|Any CPU
		{A00CC897-968A-44D2-9C69-02CEB0FB43C8}.Debug|Mixed Platforms.ActiveCfg = Debug|Any CPU
		{A00CC897-968A-44D2-9C69-02CEB0FB43C8}.Debug|Mixed Platforms.Build.0 = Debug|Any CPU
		{A00CC897-968A-44D2-9C69-02CEB0FB43C8}.Debug|Win32.ActiveCfg = Debug|Any CPU
		{A00CC897-968A-44D2-9C69-02CEB0FB43C8}.Debug|x86.ActiveCfg = Debug|Any CPU
		{A00CC897-968A-44D2-9C69-02CEB0FB43C8}.Release|Any CPU.ActiveCfg = Release|Any CPU
		{A00CC897-968A-44D2-9C69-02CEB0FB43C8}.Release|Any CPU.Build.0 = Release|Any CPU
		{A00CC897-968A-44D2-9C69-02CEB0FB43C8}.Release|Mixed Platforms.ActiveCfg = Release|Any CPU
		{A00CC897-968A-44D2-9C69-02CEB0FB43C8}.Release|Mixed Platforms.Build.0 = Release|Any CPU
		{A00CC897-968A-44D2-9C69-02CEB0FB43C8}.Release|Win32.ActiveCfg = Release|Any CPU
		{A00CC897-968A-44D2-9C69-02CEB0FB43C8}.Release|x86.ActiveCfg = Release|Any CPU
		{DF9FA7FC-4734-4FB1-B156-35C9E1402515}.Debug|Any CPU.ActiveCfg = Debug|Any CPU
		{DF9FA7FC-4734-4FB1-B156-35C9E1402515}.Debug|Any CPU.Build.0 = Debug|Any CPU
		{DF9FA7FC-4734-4FB1-B156-35C9E1402515}.Debug|Mixed Platforms.ActiveCfg = Debug|Any CPU
		{DF9FA7FC-4734-4FB1-B156-35C9E1402515}.Debug|Mixed Platforms.Build.0 = Debug|Any CPU
		{DF9FA7FC-4734-4FB1-B156-35C9E1402515}.Debug|Win32.ActiveCfg = Debug|Any CPU
		{DF9FA7FC-4734-4FB1-B156-35C9E1402515}.Debug|x86.ActiveCfg = Debug|Any CPU
		{DF9FA7FC-4734-4FB1-B156-35C9E1402515}.Release|Any CPU.ActiveCfg = Release|Any CPU
		{DF9FA7FC-4734-4FB1-B156-35C9E1402515}.Release|Any CPU.Build.0 = Release|Any CPU
		{DF9FA7FC-4734-4FB1-B156-35C9E1402515}.Release|Mixed Platforms.ActiveCfg = Release|Any CPU
		{DF9FA7FC-4734-4FB1-B156-35C9E1402515}.Release|Mixed Platforms.Build.0 = Release|Any CPU
		{DF9FA7FC-4734-4FB1-B156-35C9E1402515}.Release|Win32.ActiveCfg = Release|Any CPU
		{DF9FA7FC-4734-4FB1-B156-35C9E1402515}.Release|x86.ActiveCfg = Release|Any CPU
		{13DF4280-7C9C-4FD8-9051-FB4E3AC3A8D4}.Debug|Any CPU.ActiveCfg = Debug|Any CPU
		{13DF4280-7C9C-4FD8-9051-FB4E3AC3A8D4}.Debug|Any CPU.Build.0 = Debug|Any CPU
		{13DF4280-7C9C-4FD8-9051-FB4E3AC3A8D4}.Debug|Mixed Platforms.ActiveCfg = Debug|Any CPU
		{13DF4280-7C9C-4FD8-9051-FB4E3AC3A8D4}.Debug|Mixed Platforms.Build.0 = Debug|Any CPU
		{13DF4280-7C9C-4FD8-9051-FB4E3AC3A8D4}.Debug|Win32.ActiveCfg = Debug|Any CPU
		{13DF4280-7C9C-4FD8-9051-FB4E3AC3A8D4}.Debug|x86.ActiveCfg = Debug|Any CPU
		{13DF4280-7C9C-4FD8-9051-FB4E3AC3A8D4}.Release|Any CPU.ActiveCfg = Release|Any CPU
		{13DF4280-7C9C-4FD8-9051-FB4E3AC3A8D4}.Release|Any CPU.Build.0 = Release|Any CPU
		{13DF4280-7C9C-4FD8-9051-FB4E3AC3A8D4}.Release|Mixed Platforms.ActiveCfg = Release|Any CPU
		{13DF4280-7C9C-4FD8-9051-FB4E3AC3A8D4}.Release|Mixed Platforms.Build.0 = Release|Any CPU
		{13DF4280-7C9C-4FD8-9051-FB4E3AC3A8D4}.Release|Win32.ActiveCfg = Release|Any CPU
		{13DF4280-7C9C-4FD8-9051-FB4E3AC3A8D4}.Release|x86.ActiveCfg = Release|Any CPU
		{67CBC824-A49E-4E9B-A947-360F3DFE65C3}.Debug|Any CPU.ActiveCfg = Debug|Any CPU
		{67CBC824-A49E-4E9B-A947-360F3DFE65C3}.Debug|Any CPU.Build.0 = Debug|Any CPU
		{67CBC824-A49E-4E9B-A947-360F3DFE65C3}.Debug|Any CPU.Deploy.0 = Debug|Any CPU
		{67CBC824-A49E-4E9B-A947-360F3DFE65C3}.Debug|Mixed Platforms.ActiveCfg = Debug|Any CPU
		{67CBC824-A49E-4E9B-A947-360F3DFE65C3}.Debug|Mixed Platforms.Build.0 = Debug|Any CPU
		{67CBC824-A49E-4E9B-A947-360F3DFE65C3}.Debug|Win32.ActiveCfg = Debug|Any CPU
		{67CBC824-A49E-4E9B-A947-360F3DFE65C3}.Debug|x86.ActiveCfg = Debug|Any CPU
		{67CBC824-A49E-4E9B-A947-360F3DFE65C3}.Release|Any CPU.ActiveCfg = Release|Any CPU
		{67CBC824-A49E-4E9B-A947-360F3DFE65C3}.Release|Any CPU.Build.0 = Release|Any CPU
		{67CBC824-A49E-4E9B-A947-360F3DFE65C3}.Release|Any CPU.Deploy.0 = Release|Any CPU
		{67CBC824-A49E-4E9B-A947-360F3DFE65C3}.Release|Mixed Platforms.ActiveCfg = Release|Any CPU
		{67CBC824-A49E-4E9B-A947-360F3DFE65C3}.Release|Mixed Platforms.Build.0 = Release|Any CPU
		{67CBC824-A49E-4E9B-A947-360F3DFE65C3}.Release|Mixed Platforms.Deploy.0 = Release|Any CPU
		{67CBC824-A49E-4E9B-A947-360F3DFE65C3}.Release|Win32.ActiveCfg = Release|Any CPU
		{67CBC824-A49E-4E9B-A947-360F3DFE65C3}.Release|x86.ActiveCfg = Release|Any CPU
		{65963362-EAF3-42FB-824A-D362A51DF8FA}.Debug|Any CPU.ActiveCfg = Debug|Any CPU
		{65963362-EAF3-42FB-824A-D362A51DF8FA}.Debug|Any CPU.Build.0 = Debug|Any CPU
		{65963362-EAF3-42FB-824A-D362A51DF8FA}.Debug|Mixed Platforms.ActiveCfg = Debug|Any CPU
		{65963362-EAF3-42FB-824A-D362A51DF8FA}.Debug|Mixed Platforms.Build.0 = Debug|Any CPU
		{65963362-EAF3-42FB-824A-D362A51DF8FA}.Debug|Win32.ActiveCfg = Debug|Any CPU
		{65963362-EAF3-42FB-824A-D362A51DF8FA}.Debug|x86.ActiveCfg = Debug|Any CPU
		{65963362-EAF3-42FB-824A-D362A51DF8FA}.Release|Any CPU.ActiveCfg = Release|Any CPU
		{65963362-EAF3-42FB-824A-D362A51DF8FA}.Release|Any CPU.Build.0 = Release|Any CPU
		{65963362-EAF3-42FB-824A-D362A51DF8FA}.Release|Mixed Platforms.ActiveCfg = Release|Any CPU
		{65963362-EAF3-42FB-824A-D362A51DF8FA}.Release|Mixed Platforms.Build.0 = Release|Any CPU
		{65963362-EAF3-42FB-824A-D362A51DF8FA}.Release|Win32.ActiveCfg = Release|Any CPU
		{65963362-EAF3-42FB-824A-D362A51DF8FA}.Release|x86.ActiveCfg = Release|Any CPU
		{8A6523F7-B13D-468D-BB3F-7185AF60FD52}.Debug|Any CPU.ActiveCfg = Debug|Any CPU
		{8A6523F7-B13D-468D-BB3F-7185AF60FD52}.Debug|Any CPU.Build.0 = Debug|Any CPU
		{8A6523F7-B13D-468D-BB3F-7185AF60FD52}.Debug|Mixed Platforms.ActiveCfg = Debug|Any CPU
		{8A6523F7-B13D-468D-BB3F-7185AF60FD52}.Debug|Mixed Platforms.Build.0 = Debug|Any CPU
		{8A6523F7-B13D-468D-BB3F-7185AF60FD52}.Debug|Win32.ActiveCfg = Debug|Any CPU
		{8A6523F7-B13D-468D-BB3F-7185AF60FD52}.Debug|x86.ActiveCfg = Debug|Any CPU
		{8A6523F7-B13D-468D-BB3F-7185AF60FD52}.Release|Any CPU.ActiveCfg = Release|Any CPU
		{8A6523F7-B13D-468D-BB3F-7185AF60FD52}.Release|Any CPU.Build.0 = Release|Any CPU
		{8A6523F7-B13D-468D-BB3F-7185AF60FD52}.Release|Mixed Platforms.ActiveCfg = Release|Any CPU
		{8A6523F7-B13D-468D-BB3F-7185AF60FD52}.Release|Mixed Platforms.Build.0 = Release|Any CPU
		{8A6523F7-B13D-468D-BB3F-7185AF60FD52}.Release|Win32.ActiveCfg = Release|Any CPU
		{8A6523F7-B13D-468D-BB3F-7185AF60FD52}.Release|x86.ActiveCfg = Release|Any CPU
		{BC26A77B-A776-4CD9-B7C3-6EF771641204}.Debug|Any CPU.ActiveCfg = Debug|x86
		{BC26A77B-A776-4CD9-B7C3-6EF771641204}.Debug|Mixed Platforms.ActiveCfg = Debug|x86
		{BC26A77B-A776-4CD9-B7C3-6EF771641204}.Debug|Mixed Platforms.Build.0 = Debug|x86
		{BC26A77B-A776-4CD9-B7C3-6EF771641204}.Debug|Win32.ActiveCfg = Debug|x86
		{BC26A77B-A776-4CD9-B7C3-6EF771641204}.Debug|x86.ActiveCfg = Debug|x86
		{BC26A77B-A776-4CD9-B7C3-6EF771641204}.Debug|x86.Build.0 = Debug|x86
		{BC26A77B-A776-4CD9-B7C3-6EF771641204}.Release|Any CPU.ActiveCfg = Release|x86
		{BC26A77B-A776-4CD9-B7C3-6EF771641204}.Release|Mixed Platforms.ActiveCfg = Release|x86
		{BC26A77B-A776-4CD9-B7C3-6EF771641204}.Release|Mixed Platforms.Build.0 = Release|x86
		{BC26A77B-A776-4CD9-B7C3-6EF771641204}.Release|Win32.ActiveCfg = Release|x86
		{BC26A77B-A776-4CD9-B7C3-6EF771641204}.Release|x86.ActiveCfg = Release|x86
		{BC26A77B-A776-4CD9-B7C3-6EF771641204}.Release|x86.Build.0 = Release|x86
		{2B3806DC-9271-4072-AB0A-06A4E0D3BC30}.Debug|Any CPU.ActiveCfg = Debug|x86
		{2B3806DC-9271-4072-AB0A-06A4E0D3BC30}.Debug|Mixed Platforms.ActiveCfg = Debug|x86
		{2B3806DC-9271-4072-AB0A-06A4E0D3BC30}.Debug|Win32.ActiveCfg = Debug|x86
		{2B3806DC-9271-4072-AB0A-06A4E0D3BC30}.Debug|x86.ActiveCfg = Debug|x86
		{2B3806DC-9271-4072-AB0A-06A4E0D3BC30}.Debug|x86.Build.0 = Debug|x86
		{2B3806DC-9271-4072-AB0A-06A4E0D3BC30}.Release|Any CPU.ActiveCfg = Release|x86
		{2B3806DC-9271-4072-AB0A-06A4E0D3BC30}.Release|Mixed Platforms.ActiveCfg = Release|x86
		{2B3806DC-9271-4072-AB0A-06A4E0D3BC30}.Release|Mixed Platforms.Build.0 = Release|x86
		{2B3806DC-9271-4072-AB0A-06A4E0D3BC30}.Release|Win32.ActiveCfg = Release|x86
		{2B3806DC-9271-4072-AB0A-06A4E0D3BC30}.Release|x86.ActiveCfg = Release|x86
		{2B3806DC-9271-4072-AB0A-06A4E0D3BC30}.Release|x86.Build.0 = Release|x86
		{25D60380-397A-4F4A-B7B2-FAB9979C92D2}.Debug|Any CPU.ActiveCfg = Debug|Any CPU
		{25D60380-397A-4F4A-B7B2-FAB9979C92D2}.Debug|Any CPU.Build.0 = Debug|Any CPU
		{25D60380-397A-4F4A-B7B2-FAB9979C92D2}.Debug|Mixed Platforms.ActiveCfg = Debug|Any CPU
		{25D60380-397A-4F4A-B7B2-FAB9979C92D2}.Debug|Mixed Platforms.Build.0 = Debug|Any CPU
		{25D60380-397A-4F4A-B7B2-FAB9979C92D2}.Debug|Win32.ActiveCfg = Debug|Any CPU
		{25D60380-397A-4F4A-B7B2-FAB9979C92D2}.Debug|x86.ActiveCfg = Debug|Any CPU
		{25D60380-397A-4F4A-B7B2-FAB9979C92D2}.Release|Any CPU.ActiveCfg = Release|Any CPU
		{25D60380-397A-4F4A-B7B2-FAB9979C92D2}.Release|Any CPU.Build.0 = Release|Any CPU
		{25D60380-397A-4F4A-B7B2-FAB9979C92D2}.Release|Mixed Platforms.ActiveCfg = Release|Any CPU
		{25D60380-397A-4F4A-B7B2-FAB9979C92D2}.Release|Mixed Platforms.Build.0 = Release|Any CPU
		{25D60380-397A-4F4A-B7B2-FAB9979C92D2}.Release|Win32.ActiveCfg = Release|Any CPU
		{25D60380-397A-4F4A-B7B2-FAB9979C92D2}.Release|x86.ActiveCfg = Release|Any CPU
		{0EF941AC-1A31-4A6F-945D-1A0C14349CDC}.Debug|Any CPU.ActiveCfg = Debug|x86
		{0EF941AC-1A31-4A6F-945D-1A0C14349CDC}.Debug|Mixed Platforms.ActiveCfg = Debug|x86
		{0EF941AC-1A31-4A6F-945D-1A0C14349CDC}.Debug|Win32.ActiveCfg = Debug|x86
		{0EF941AC-1A31-4A6F-945D-1A0C14349CDC}.Debug|x86.ActiveCfg = Debug|x86
		{0EF941AC-1A31-4A6F-945D-1A0C14349CDC}.Debug|x86.Build.0 = Debug|x86
		{0EF941AC-1A31-4A6F-945D-1A0C14349CDC}.Release|Any CPU.ActiveCfg = Release|x86
		{0EF941AC-1A31-4A6F-945D-1A0C14349CDC}.Release|Mixed Platforms.ActiveCfg = Release|x86
		{0EF941AC-1A31-4A6F-945D-1A0C14349CDC}.Release|Mixed Platforms.Build.0 = Release|x86
		{0EF941AC-1A31-4A6F-945D-1A0C14349CDC}.Release|Win32.ActiveCfg = Release|x86
		{0EF941AC-1A31-4A6F-945D-1A0C14349CDC}.Release|x86.ActiveCfg = Release|x86
		{0EF941AC-1A31-4A6F-945D-1A0C14349CDC}.Release|x86.Build.0 = Release|x86
		{D28F7FCE-B465-438D-8541-696A291AA0A9}.Debug|Any CPU.ActiveCfg = Debug|x86
		{D28F7FCE-B465-438D-8541-696A291AA0A9}.Debug|Mixed Platforms.ActiveCfg = Debug|x86
		{D28F7FCE-B465-438D-8541-696A291AA0A9}.Debug|Win32.ActiveCfg = Debug|x86
		{D28F7FCE-B465-438D-8541-696A291AA0A9}.Debug|x86.ActiveCfg = Debug|x86
		{D28F7FCE-B465-438D-8541-696A291AA0A9}.Debug|x86.Build.0 = Debug|x86
		{D28F7FCE-B465-438D-8541-696A291AA0A9}.Release|Any CPU.ActiveCfg = Release|x86
		{D28F7FCE-B465-438D-8541-696A291AA0A9}.Release|Mixed Platforms.ActiveCfg = Release|x86
		{D28F7FCE-B465-438D-8541-696A291AA0A9}.Release|Mixed Platforms.Build.0 = Release|x86
		{D28F7FCE-B465-438D-8541-696A291AA0A9}.Release|Win32.ActiveCfg = Release|x86
		{D28F7FCE-B465-438D-8541-696A291AA0A9}.Release|x86.ActiveCfg = Release|x86
		{D28F7FCE-B465-438D-8541-696A291AA0A9}.Release|x86.Build.0 = Release|x86
		{FCA9F4F7-481B-4FEB-AE48-D5C3014B9B12}.Debug|Any CPU.ActiveCfg = Debug|x86
		{FCA9F4F7-481B-4FEB-AE48-D5C3014B9B12}.Debug|Mixed Platforms.ActiveCfg = Debug|x86
		{FCA9F4F7-481B-4FEB-AE48-D5C3014B9B12}.Debug|Mixed Platforms.Build.0 = Debug|x86
		{FCA9F4F7-481B-4FEB-AE48-D5C3014B9B12}.Debug|Win32.ActiveCfg = Debug|x86
		{FCA9F4F7-481B-4FEB-AE48-D5C3014B9B12}.Debug|x86.ActiveCfg = Debug|x86
		{FCA9F4F7-481B-4FEB-AE48-D5C3014B9B12}.Debug|x86.Build.0 = Debug|x86
		{FCA9F4F7-481B-4FEB-AE48-D5C3014B9B12}.Release|Any CPU.ActiveCfg = Release|x86
		{FCA9F4F7-481B-4FEB-AE48-D5C3014B9B12}.Release|Mixed Platforms.ActiveCfg = Release|x86
		{FCA9F4F7-481B-4FEB-AE48-D5C3014B9B12}.Release|Mixed Platforms.Build.0 = Release|x86
		{FCA9F4F7-481B-4FEB-AE48-D5C3014B9B12}.Release|Win32.ActiveCfg = Release|x86
		{FCA9F4F7-481B-4FEB-AE48-D5C3014B9B12}.Release|x86.ActiveCfg = Release|x86
		{FCA9F4F7-481B-4FEB-AE48-D5C3014B9B12}.Release|x86.Build.0 = Release|x86
		{8A8FEFAB-1F9A-48F5-9389-D5B551A3A5F8}.Debug|Any CPU.ActiveCfg = Debug|Win32
		{8A8FEFAB-1F9A-48F5-9389-D5B551A3A5F8}.Debug|Mixed Platforms.ActiveCfg = Debug|Win32
		{8A8FEFAB-1F9A-48F5-9389-D5B551A3A5F8}.Debug|Mixed Platforms.Build.0 = Debug|Win32
		{8A8FEFAB-1F9A-48F5-9389-D5B551A3A5F8}.Debug|Win32.ActiveCfg = Debug|Win32
		{8A8FEFAB-1F9A-48F5-9389-D5B551A3A5F8}.Debug|Win32.Build.0 = Debug|Win32
		{8A8FEFAB-1F9A-48F5-9389-D5B551A3A5F8}.Debug|x86.ActiveCfg = Debug|Win32
		{8A8FEFAB-1F9A-48F5-9389-D5B551A3A5F8}.Release|Any CPU.ActiveCfg = Release|Win32
		{8A8FEFAB-1F9A-48F5-9389-D5B551A3A5F8}.Release|Mixed Platforms.ActiveCfg = Release|Win32
		{8A8FEFAB-1F9A-48F5-9389-D5B551A3A5F8}.Release|Mixed Platforms.Build.0 = Release|Win32
		{8A8FEFAB-1F9A-48F5-9389-D5B551A3A5F8}.Release|Win32.ActiveCfg = Release|Win32
		{8A8FEFAB-1F9A-48F5-9389-D5B551A3A5F8}.Release|Win32.Build.0 = Release|Win32
		{8A8FEFAB-1F9A-48F5-9389-D5B551A3A5F8}.Release|x86.ActiveCfg = Release|Win32
		{14824F21-28DB-46BB-941C-8B21A8DA5E0E}.Debug|Any CPU.ActiveCfg = Debug|Any CPU
		{14824F21-28DB-46BB-941C-8B21A8DA5E0E}.Debug|Any CPU.Build.0 = Debug|Any CPU
		{14824F21-28DB-46BB-941C-8B21A8DA5E0E}.Debug|Mixed Platforms.ActiveCfg = Debug|Any CPU
		{14824F21-28DB-46BB-941C-8B21A8DA5E0E}.Debug|Mixed Platforms.Build.0 = Debug|Any CPU
		{14824F21-28DB-46BB-941C-8B21A8DA5E0E}.Debug|Win32.ActiveCfg = Debug|x86
		{14824F21-28DB-46BB-941C-8B21A8DA5E0E}.Debug|x86.ActiveCfg = Debug|x86
		{14824F21-28DB-46BB-941C-8B21A8DA5E0E}.Debug|x86.Build.0 = Debug|x86
		{14824F21-28DB-46BB-941C-8B21A8DA5E0E}.Release|Any CPU.ActiveCfg = Release|Any CPU
		{14824F21-28DB-46BB-941C-8B21A8DA5E0E}.Release|Any CPU.Build.0 = Release|Any CPU
		{14824F21-28DB-46BB-941C-8B21A8DA5E0E}.Release|Mixed Platforms.ActiveCfg = Release|Any CPU
		{14824F21-28DB-46BB-941C-8B21A8DA5E0E}.Release|Mixed Platforms.Build.0 = Release|Any CPU
		{14824F21-28DB-46BB-941C-8B21A8DA5E0E}.Release|Win32.ActiveCfg = Release|x86
		{14824F21-28DB-46BB-941C-8B21A8DA5E0E}.Release|x86.ActiveCfg = Release|x86
		{14824F21-28DB-46BB-941C-8B21A8DA5E0E}.Release|x86.Build.0 = Release|x86
		{D841C804-4EE6-4100-91F8-788F8490113C}.Debug|Any CPU.ActiveCfg = Debug|Any CPU
		{D841C804-4EE6-4100-91F8-788F8490113C}.Debug|Any CPU.Build.0 = Debug|Any CPU
		{D841C804-4EE6-4100-91F8-788F8490113C}.Debug|Mixed Platforms.ActiveCfg = Debug|Any CPU
		{D841C804-4EE6-4100-91F8-788F8490113C}.Debug|Mixed Platforms.Build.0 = Debug|Any CPU
		{D841C804-4EE6-4100-91F8-788F8490113C}.Debug|Win32.ActiveCfg = Debug|Any CPU
		{D841C804-4EE6-4100-91F8-788F8490113C}.Debug|x86.ActiveCfg = Debug|Any CPU
		{D841C804-4EE6-4100-91F8-788F8490113C}.Release|Any CPU.ActiveCfg = Release|Any CPU
		{D841C804-4EE6-4100-91F8-788F8490113C}.Release|Any CPU.Build.0 = Release|Any CPU
		{D841C804-4EE6-4100-91F8-788F8490113C}.Release|Mixed Platforms.ActiveCfg = Release|Any CPU
		{D841C804-4EE6-4100-91F8-788F8490113C}.Release|Mixed Platforms.Build.0 = Release|Any CPU
		{D841C804-4EE6-4100-91F8-788F8490113C}.Release|Win32.ActiveCfg = Release|Any CPU
		{D841C804-4EE6-4100-91F8-788F8490113C}.Release|x86.ActiveCfg = Release|Any CPU
		{61D27B70-B995-4901-855C-32B1F4781186}.Debug|Any CPU.ActiveCfg = Debug|Any CPU
		{61D27B70-B995-4901-855C-32B1F4781186}.Debug|Any CPU.Build.0 = Debug|Any CPU
		{61D27B70-B995-4901-855C-32B1F4781186}.Debug|Any CPU.Deploy.0 = Debug|Any CPU
		{61D27B70-B995-4901-855C-32B1F4781186}.Debug|Mixed Platforms.ActiveCfg = Debug|Any CPU
		{61D27B70-B995-4901-855C-32B1F4781186}.Debug|Mixed Platforms.Build.0 = Debug|Any CPU
		{61D27B70-B995-4901-855C-32B1F4781186}.Debug|Win32.ActiveCfg = Debug|Any CPU
		{61D27B70-B995-4901-855C-32B1F4781186}.Debug|x86.ActiveCfg = Debug|Any CPU
		{61D27B70-B995-4901-855C-32B1F4781186}.Release|Any CPU.ActiveCfg = Release|Any CPU
		{61D27B70-B995-4901-855C-32B1F4781186}.Release|Any CPU.Build.0 = Release|Any CPU
		{61D27B70-B995-4901-855C-32B1F4781186}.Release|Any CPU.Deploy.0 = Release|Any CPU
		{61D27B70-B995-4901-855C-32B1F4781186}.Release|Mixed Platforms.ActiveCfg = Release|Any CPU
		{61D27B70-B995-4901-855C-32B1F4781186}.Release|Mixed Platforms.Build.0 = Release|Any CPU
		{61D27B70-B995-4901-855C-32B1F4781186}.Release|Mixed Platforms.Deploy.0 = Release|Any CPU
		{61D27B70-B995-4901-855C-32B1F4781186}.Release|Win32.ActiveCfg = Release|Any CPU
		{61D27B70-B995-4901-855C-32B1F4781186}.Release|x86.ActiveCfg = Release|Any CPU
		{90377798-F29C-42E6-A7B2-D2CCAAFD1C31}.Debug|Any CPU.ActiveCfg = Debug|x86
		{90377798-F29C-42E6-A7B2-D2CCAAFD1C31}.Debug|Mixed Platforms.ActiveCfg = Debug|x86
		{90377798-F29C-42E6-A7B2-D2CCAAFD1C31}.Debug|Mixed Platforms.Build.0 = Debug|x86
		{90377798-F29C-42E6-A7B2-D2CCAAFD1C31}.Debug|Win32.ActiveCfg = Debug|x86
		{90377798-F29C-42E6-A7B2-D2CCAAFD1C31}.Debug|x86.ActiveCfg = Debug|x86
		{90377798-F29C-42E6-A7B2-D2CCAAFD1C31}.Debug|x86.Build.0 = Debug|x86
		{90377798-F29C-42E6-A7B2-D2CCAAFD1C31}.Release|Any CPU.ActiveCfg = Release|x86
		{90377798-F29C-42E6-A7B2-D2CCAAFD1C31}.Release|Mixed Platforms.ActiveCfg = Release|x86
		{90377798-F29C-42E6-A7B2-D2CCAAFD1C31}.Release|Mixed Platforms.Build.0 = Release|x86
		{90377798-F29C-42E6-A7B2-D2CCAAFD1C31}.Release|Win32.ActiveCfg = Release|x86
		{90377798-F29C-42E6-A7B2-D2CCAAFD1C31}.Release|x86.ActiveCfg = Release|x86
		{90377798-F29C-42E6-A7B2-D2CCAAFD1C31}.Release|x86.Build.0 = Release|x86
		{4F40D93F-7AAC-4803-81DC-9E9957179718}.Debug|Any CPU.ActiveCfg = Debug|Any CPU
		{4F40D93F-7AAC-4803-81DC-9E9957179718}.Debug|Any CPU.Build.0 = Debug|Any CPU
		{4F40D93F-7AAC-4803-81DC-9E9957179718}.Debug|Mixed Platforms.ActiveCfg = Debug|Any CPU
		{4F40D93F-7AAC-4803-81DC-9E9957179718}.Debug|Mixed Platforms.Build.0 = Debug|Any CPU
		{4F40D93F-7AAC-4803-81DC-9E9957179718}.Debug|Win32.ActiveCfg = Debug|Any CPU
		{4F40D93F-7AAC-4803-81DC-9E9957179718}.Debug|x86.ActiveCfg = Debug|Any CPU
		{4F40D93F-7AAC-4803-81DC-9E9957179718}.Release|Any CPU.ActiveCfg = Release|Any CPU
		{4F40D93F-7AAC-4803-81DC-9E9957179718}.Release|Any CPU.Build.0 = Release|Any CPU
		{4F40D93F-7AAC-4803-81DC-9E9957179718}.Release|Mixed Platforms.ActiveCfg = Release|Any CPU
		{4F40D93F-7AAC-4803-81DC-9E9957179718}.Release|Mixed Platforms.Build.0 = Release|Any CPU
		{4F40D93F-7AAC-4803-81DC-9E9957179718}.Release|Win32.ActiveCfg = Release|Any CPU
		{4F40D93F-7AAC-4803-81DC-9E9957179718}.Release|x86.ActiveCfg = Release|Any CPU
		{8AF2F252-5997-4521-8CD4-3F462D88170D}.Debug|Any CPU.ActiveCfg = Debug|Any CPU
		{8AF2F252-5997-4521-8CD4-3F462D88170D}.Debug|Any CPU.Build.0 = Debug|Any CPU
		{8AF2F252-5997-4521-8CD4-3F462D88170D}.Debug|Mixed Platforms.ActiveCfg = Debug|Any CPU
		{8AF2F252-5997-4521-8CD4-3F462D88170D}.Debug|Mixed Platforms.Build.0 = Debug|Any CPU
		{8AF2F252-5997-4521-8CD4-3F462D88170D}.Debug|Win32.ActiveCfg = Debug|Any CPU
		{8AF2F252-5997-4521-8CD4-3F462D88170D}.Debug|x86.ActiveCfg = Debug|Any CPU
		{8AF2F252-5997-4521-8CD4-3F462D88170D}.Release|Any CPU.ActiveCfg = Release|Any CPU
		{8AF2F252-5997-4521-8CD4-3F462D88170D}.Release|Any CPU.Build.0 = Release|Any CPU
		{8AF2F252-5997-4521-8CD4-3F462D88170D}.Release|Mixed Platforms.ActiveCfg = Release|Any CPU
		{8AF2F252-5997-4521-8CD4-3F462D88170D}.Release|Mixed Platforms.Build.0 = Release|Any CPU
		{8AF2F252-5997-4521-8CD4-3F462D88170D}.Release|Win32.ActiveCfg = Release|Any CPU
		{8AF2F252-5997-4521-8CD4-3F462D88170D}.Release|x86.ActiveCfg = Release|Any CPU
		{CBC8A641-D6B5-4E9F-96B4-3AF72E8ACFB3}.Debug|Any CPU.ActiveCfg = Debug|Any CPU
		{CBC8A641-D6B5-4E9F-96B4-3AF72E8ACFB3}.Debug|Any CPU.Build.0 = Debug|Any CPU
		{CBC8A641-D6B5-4E9F-96B4-3AF72E8ACFB3}.Debug|Mixed Platforms.ActiveCfg = Debug|Any CPU
		{CBC8A641-D6B5-4E9F-96B4-3AF72E8ACFB3}.Debug|Mixed Platforms.Build.0 = Debug|Any CPU
		{CBC8A641-D6B5-4E9F-96B4-3AF72E8ACFB3}.Debug|Win32.ActiveCfg = Debug|Any CPU
		{CBC8A641-D6B5-4E9F-96B4-3AF72E8ACFB3}.Debug|x86.ActiveCfg = Debug|Any CPU
		{CBC8A641-D6B5-4E9F-96B4-3AF72E8ACFB3}.Release|Any CPU.ActiveCfg = Release|Any CPU
		{CBC8A641-D6B5-4E9F-96B4-3AF72E8ACFB3}.Release|Any CPU.Build.0 = Release|Any CPU
		{CBC8A641-D6B5-4E9F-96B4-3AF72E8ACFB3}.Release|Mixed Platforms.ActiveCfg = Release|Any CPU
		{CBC8A641-D6B5-4E9F-96B4-3AF72E8ACFB3}.Release|Mixed Platforms.Build.0 = Release|Any CPU
		{CBC8A641-D6B5-4E9F-96B4-3AF72E8ACFB3}.Release|Win32.ActiveCfg = Release|Any CPU
		{CBC8A641-D6B5-4E9F-96B4-3AF72E8ACFB3}.Release|x86.ActiveCfg = Release|Any CPU
		{FF0CA532-1072-49BC-BC27-3CA98D98F8A9}.Debug|Any CPU.ActiveCfg = Debug|x86
		{FF0CA532-1072-49BC-BC27-3CA98D98F8A9}.Debug|Mixed Platforms.ActiveCfg = Debug|x86
		{FF0CA532-1072-49BC-BC27-3CA98D98F8A9}.Debug|Mixed Platforms.Build.0 = Debug|x86
		{FF0CA532-1072-49BC-BC27-3CA98D98F8A9}.Debug|Win32.ActiveCfg = Debug|x86
		{FF0CA532-1072-49BC-BC27-3CA98D98F8A9}.Debug|x86.ActiveCfg = Debug|x86
		{FF0CA532-1072-49BC-BC27-3CA98D98F8A9}.Debug|x86.Build.0 = Debug|x86
		{FF0CA532-1072-49BC-BC27-3CA98D98F8A9}.Release|Any CPU.ActiveCfg = Release|x86
		{FF0CA532-1072-49BC-BC27-3CA98D98F8A9}.Release|Mixed Platforms.ActiveCfg = Release|x86
		{FF0CA532-1072-49BC-BC27-3CA98D98F8A9}.Release|Mixed Platforms.Build.0 = Release|x86
		{FF0CA532-1072-49BC-BC27-3CA98D98F8A9}.Release|Win32.ActiveCfg = Release|x86
		{FF0CA532-1072-49BC-BC27-3CA98D98F8A9}.Release|x86.ActiveCfg = Release|x86
		{FF0CA532-1072-49BC-BC27-3CA98D98F8A9}.Release|x86.Build.0 = Release|x86
	EndGlobalSection
	GlobalSection(SolutionProperties) = preSolution
		HideSolutionNode = FALSE
	EndGlobalSection
	GlobalSection(NestedProjects) = preSolution
		{1149FFDC-F45D-4CFD-B2F2-46FE4EAAD080} = {B6E54DBB-9763-445A-988C-F0C24DC68AA0}
		{60396AF9-16A7-4F19-819F-ABCA05BF689B} = {B6E54DBB-9763-445A-988C-F0C24DC68AA0}
		{244887BA-D532-4A23-98B6-2D00E2232BED} = {B6E54DBB-9763-445A-988C-F0C24DC68AA0}
		{48691A31-7B3F-428C-A750-79AF39CD7296} = {B6E54DBB-9763-445A-988C-F0C24DC68AA0}
		{EDD1BEF9-377B-4CAA-B579-D8E7FCD84D94} = {9C6AE80B-C747-4324-99B5-91364F867D00}
		{AAEE701C-D55F-43F2-86E5-03BC0DE20892} = {9C6AE80B-C747-4324-99B5-91364F867D00}
		{88360B06-5629-427A-BDA1-C353CFC37C99} = {9C6AE80B-C747-4324-99B5-91364F867D00}
		{53E434FD-B353-429A-8A11-86FAA8764D3B} = {9C6AE80B-C747-4324-99B5-91364F867D00}
		{69AEF5A3-6224-4FD0-8413-2B3ED0DB4C3C} = {9C6AE80B-C747-4324-99B5-91364F867D00}
		{65B82EBA-011E-4A65-8DE6-8CBE0765E9BB} = {9C6AE80B-C747-4324-99B5-91364F867D00}
		{91075533-FCAC-45C3-824D-4D7A220F3164} = {D8CE0B41-F112-4440-9B39-9963B622878D}
		{907476B8-FA01-455F-ACF5-CB63CDD2E2F0} = {D8CE0B41-F112-4440-9B39-9963B622878D}
		{402B2D09-15E8-4A15-A683-CE6F21EB9EEA} = {D8CE0B41-F112-4440-9B39-9963B622878D}
		{E74E0CF3-7F8F-461B-BFDF-DB86D7D998CD} = {91075533-FCAC-45C3-824D-4D7A220F3164}
		{5AB0760B-A23E-4B65-9219-E168F97F390F} = {91075533-FCAC-45C3-824D-4D7A220F3164}
		{DF9FA7FC-4734-4FB1-B156-35C9E1402515} = {91075533-FCAC-45C3-824D-4D7A220F3164}
		{674CEF2D-10E0-4888-B2BE-B40AB2F9B429} = {907476B8-FA01-455F-ACF5-CB63CDD2E2F0}
		{A0EB97A9-C1E5-4229-8A09-14B5A821BFEE} = {907476B8-FA01-455F-ACF5-CB63CDD2E2F0}
		{B349387B-E8E3-4710-8476-8E8331EC2AEC} = {EDD1BEF9-377B-4CAA-B579-D8E7FCD84D94}
		{5097AC1F-A14C-465B-8BA6-FB43DB71651C} = {EDD1BEF9-377B-4CAA-B579-D8E7FCD84D94}
		{13DF4280-7C9C-4FD8-9051-FB4E3AC3A8D4} = {EDD1BEF9-377B-4CAA-B579-D8E7FCD84D94}
		{8DB82B02-43A3-442C-9847-2A2C296CC13E} = {AAEE701C-D55F-43F2-86E5-03BC0DE20892}
		{549E007B-EB95-4EE9-9F5B-36C06C77B765} = {AAEE701C-D55F-43F2-86E5-03BC0DE20892}
		{D841C804-4EE6-4100-91F8-788F8490113C} = {AAEE701C-D55F-43F2-86E5-03BC0DE20892}
		{67CBC824-A49E-4E9B-A947-360F3DFE65C3} = {88360B06-5629-427A-BDA1-C353CFC37C99}
		{59A27CD5-B73B-4E9A-A6F8-478D57C4378B} = {53E434FD-B353-429A-8A11-86FAA8764D3B}
		{0C6073DC-0BF7-4DFB-8606-9C8F8EDBE45A} = {69AEF5A3-6224-4FD0-8413-2B3ED0DB4C3C}
		{A00CC897-968A-44D2-9C69-02CEB0FB43C8} = {69AEF5A3-6224-4FD0-8413-2B3ED0DB4C3C}
		{65963362-EAF3-42FB-824A-D362A51DF8FA} = {69AEF5A3-6224-4FD0-8413-2B3ED0DB4C3C}
		{8A6523F7-B13D-468D-BB3F-7185AF60FD52} = {69AEF5A3-6224-4FD0-8413-2B3ED0DB4C3C}
		{25D60380-397A-4F4A-B7B2-FAB9979C92D2} = {69AEF5A3-6224-4FD0-8413-2B3ED0DB4C3C}
		{7111F707-77BE-42CD-8296-902F9FECFB31} = {69AEF5A3-6224-4FD0-8413-2B3ED0DB4C3C}
		{FEAF8DF4-7110-4863-9E53-80EB22DDEB5D} = {F6706993-E84E-47FF-AE8F-EA51CFA93D6E}
		{79714DFE-D36B-4759-9BCA-D095A24A51EF} = {F6706993-E84E-47FF-AE8F-EA51CFA93D6E}
		{2B3806DC-9271-4072-AB0A-06A4E0D3BC30} = {F6706993-E84E-47FF-AE8F-EA51CFA93D6E}
		{0EF941AC-1A31-4A6F-945D-1A0C14349CDC} = {F6706993-E84E-47FF-AE8F-EA51CFA93D6E}
		{D28F7FCE-B465-438D-8541-696A291AA0A9} = {F6706993-E84E-47FF-AE8F-EA51CFA93D6E}
		{BC26A77B-A776-4CD9-B7C3-6EF771641204} = {79714DFE-D36B-4759-9BCA-D095A24A51EF}
		{FCA9F4F7-481B-4FEB-AE48-D5C3014B9B12} = {7111F707-77BE-42CD-8296-902F9FECFB31}
		{8A8FEFAB-1F9A-48F5-9389-D5B551A3A5F8} = {7111F707-77BE-42CD-8296-902F9FECFB31}
		{14824F21-28DB-46BB-941C-8B21A8DA5E0E} = {65B82EBA-011E-4A65-8DE6-8CBE0765E9BB}
		{4F40D93F-7AAC-4803-81DC-9E9957179718} = {65B82EBA-011E-4A65-8DE6-8CBE0765E9BB}
		{8AF2F252-5997-4521-8CD4-3F462D88170D} = {65B82EBA-011E-4A65-8DE6-8CBE0765E9BB}
		{CBC8A641-D6B5-4E9F-96B4-3AF72E8ACFB3} = {65B82EBA-011E-4A65-8DE6-8CBE0765E9BB}
		{FF0CA532-1072-49BC-BC27-3CA98D98F8A9} = {65B82EBA-011E-4A65-8DE6-8CBE0765E9BB}
		{61D27B70-B995-4901-855C-32B1F4781186} = {402B2D09-15E8-4A15-A683-CE6F21EB9EEA}
		{90377798-F29C-42E6-A7B2-D2CCAAFD1C31} = {402B2D09-15E8-4A15-A683-CE6F21EB9EEA}
	EndGlobalSection
	GlobalSection(SpecExplorer.ActivityCompletionStatus) = preSolution
		SpecExplorer.ActivityCompletionStatus = TestExisting: ;ModelFromScratch: 
	EndGlobalSection
EndGlobal
